
Microsoft Visual Studio Solution File, Format Version 12.00
# Visual Studio Version 17
VisualStudioVersion = 17.11.35327.3
MinimumVisualStudioVersion = 10.0.40219.1
Project("{FAE04EC0-301F-11D3-BF4B-00C04F79EFBC}") = "Pharmasuit", "Pharmasuit.csproj", "{4309F84F-72B0-4782-9CE4-3CE00E29A890}"
EndProject
Global
	GlobalSection(SolutionConfigurationPlatforms) = preSolution
		Debug|Any CPU = Debug|Any CPU
		Release|Any CPU = Release|Any CPU
	EndGlobalSection
	GlobalSection(ProjectConfigurationPlatforms) = postSolution
		{4309F84F-72B0-4782-9CE4-3CE00E29A890}.Debug|Any CPU.ActiveCfg = Debug|Any CPU
		{4309F84F-72B0-4782-9CE4-3CE00E29A890}.Debug|Any CPU.Build.0 = Debug|Any CPU
		{4309F84F-72B0-4782-9CE4-3CE00E29A890}.Release|Any CPU.ActiveCfg = Release|Any CPU
		{4309F84F-72B0-4782-9CE4-3CE00E29A890}.Release|Any CPU.Build.0 = Release|Any CPU
	EndGlobalSection
	GlobalSection(SolutionProperties) = preSolution
		HideSolutionNode = FALSE
	EndGlobalSection
	GlobalSection(ExtensibilityGlobals) = postSolution
		SolutionGuid = {52FBEF88-87A9-4090-BCCF-63C856A02832}
	EndGlobalSection
EndGlobal
